// !$*UTF8*$!
{
	archiveVersion = 1;
	classes = {
	};
	objectVersion = 55;
	objects = {

/* Begin PBXBuildFile section */
		DF3D5D38280D35FD00B4007A /* Video.swift in Sources */ = {isa = PBXBuildFile; fileRef = DF3D5D37280D35FD00B4007A /* Video.swift */; };
		DF3D5D3C280D5FF400B4007A /* VideoView.swift in Sources */ = {isa = PBXBuildFile; fileRef = DF3D5D3B280D5FF400B4007A /* VideoView.swift */; };
		DF3D5D3F280E3ABB00B4007A /* MyListTableViewCell.swift in Sources */ = {isa = PBXBuildFile; fileRef = DF3D5D3E280E3ABB00B4007A /* MyListTableViewCell.swift */; };
		DF3D5D43280E4DC600B4007A /* NetflixClone.xcdatamodeld in Sources */ = {isa = PBXBuildFile; fileRef = DF3D5D41280E4DC600B4007A /* NetflixClone.xcdatamodeld */; };
		DF3D5D69280E501000B4007A /* MyList+CoreDataClass.swift in Sources */ = {isa = PBXBuildFile; fileRef = DF3D5D67280E501000B4007A /* MyList+CoreDataClass.swift */; };
		DF3D5D6A280E501000B4007A /* MyList+CoreDataProperties.swift in Sources */ = {isa = PBXBuildFile; fileRef = DF3D5D68280E501000B4007A /* MyList+CoreDataProperties.swift */; };
		DF3D5D6C280E9A9000B4007A /* CoreDataRepository.swift in Sources */ = {isa = PBXBuildFile; fileRef = DF3D5D6B280E9A8F00B4007A /* CoreDataRepository.swift */; };
		DF3E284A280031BB006DC5B9 /* CategoryViewController.swift in Sources */ = {isa = PBXBuildFile; fileRef = DF3E2849280031BB006DC5B9 /* CategoryViewController.swift */; };
		DF464BBA27FAD7A0004310C8 /* AppDelegate.swift in Sources */ = {isa = PBXBuildFile; fileRef = DF464BB927FAD7A0004310C8 /* AppDelegate.swift */; };
		DF464BBC27FAD7A0004310C8 /* SceneDelegate.swift in Sources */ = {isa = PBXBuildFile; fileRef = DF464BBB27FAD7A0004310C8 /* SceneDelegate.swift */; };
		DF464BC127FAD7A0004310C8 /* Main.storyboard in Resources */ = {isa = PBXBuildFile; fileRef = DF464BBF27FAD7A0004310C8 /* Main.storyboard */; };
		DF464BC327FAD7A5004310C8 /* Assets.xcassets in Resources */ = {isa = PBXBuildFile; fileRef = DF464BC227FAD7A5004310C8 /* Assets.xcassets */; };
		DF464BC627FAD7A5004310C8 /* LaunchScreen.storyboard in Resources */ = {isa = PBXBuildFile; fileRef = DF464BC427FAD7A5004310C8 /* LaunchScreen.storyboard */; };
		DF49F12627FC3A6E00628E79 /* MovieDetail.swift in Sources */ = {isa = PBXBuildFile; fileRef = DF49F12527FC3A6E00628E79 /* MovieDetail.swift */; };
		DF49F12827FC3B1D00628E79 /* Genre.swift in Sources */ = {isa = PBXBuildFile; fileRef = DF49F12727FC3B1D00628E79 /* Genre.swift */; };
		DF49F12A27FD1C6600628E79 /* TvDetail.swift in Sources */ = {isa = PBXBuildFile; fileRef = DF49F12927FD1C6600628E79 /* TvDetail.swift */; };
		DF49F12C27FD1E1900628E79 /* Cast.swift in Sources */ = {isa = PBXBuildFile; fileRef = DF49F12B27FD1E1900628E79 /* Cast.swift */; };
		DF49F12E27FD254800628E79 /* Crew.swift in Sources */ = {isa = PBXBuildFile; fileRef = DF49F12D27FD254800628E79 /* Crew.swift */; };
		DF49F13027FD284600628E79 /* Network.swift in Sources */ = {isa = PBXBuildFile; fileRef = DF49F12F27FD284600628E79 /* Network.swift */; };
		DF49F13227FD457100628E79 /* Season.swift in Sources */ = {isa = PBXBuildFile; fileRef = DF49F13127FD457100628E79 /* Season.swift */; };
		DF49F13427FD45A900628E79 /* LastEpisodeToAir.swift in Sources */ = {isa = PBXBuildFile; fileRef = DF49F13327FD45A900628E79 /* LastEpisodeToAir.swift */; };
		DF49F13627FD4C8400628E79 /* CreatedBy.swift in Sources */ = {isa = PBXBuildFile; fileRef = DF49F13527FD4C8400628E79 /* CreatedBy.swift */; };
		DF49F13A27FD8BED00628E79 /* ManageURL.swift in Sources */ = {isa = PBXBuildFile; fileRef = DF49F13927FD8BED00628E79 /* ManageURL.swift */; };
		DF49F13C27FE6CD100628E79 /* Constants.swift in Sources */ = {isa = PBXBuildFile; fileRef = DF49F13B27FE6CD100628E79 /* Constants.swift */; };
		DF49F14027FE722A00628E79 /* Keys.plist in Resources */ = {isa = PBXBuildFile; fileRef = DF49F13F27FE722A00628E79 /* Keys.plist */; };
		DF49F14227FE8A4700628E79 /* Enums.swift in Sources */ = {isa = PBXBuildFile; fileRef = DF49F14127FE8A4700628E79 /* Enums.swift */; };
		DF49F14427FE90FA00628E79 /* APIRepository.swift in Sources */ = {isa = PBXBuildFile; fileRef = DF49F14327FE90FA00628E79 /* APIRepository.swift */; };
		DF49F14627FEDE3300628E79 /* HomeTableViewCell.swift in Sources */ = {isa = PBXBuildFile; fileRef = DF49F14527FEDE3300628E79 /* HomeTableViewCell.swift */; };
		DF49F14927FEE83000628E79 /* SectionHeaderCell.swift in Sources */ = {isa = PBXBuildFile; fileRef = DF49F14727FEE83000628E79 /* SectionHeaderCell.swift */; };
		DF49F14A27FEE83000628E79 /* SectionHeaderCell.xib in Resources */ = {isa = PBXBuildFile; fileRef = DF49F14827FEE83000628E79 /* SectionHeaderCell.xib */; };
		DF5A843927FFD1BE00FFA85F /* ReuseableView.swift in Sources */ = {isa = PBXBuildFile; fileRef = DF5A843827FFD1BE00FFA85F /* ReuseableView.swift */; };
		DF5A843B27FFE19700FFA85F /* DetailTableViewController.swift in Sources */ = {isa = PBXBuildFile; fileRef = DF5A843A27FFE19700FFA85F /* DetailTableViewController.swift */; };
		DF5A843D27FFEF6F00FFA85F /* SearchTableViewController.swift in Sources */ = {isa = PBXBuildFile; fileRef = DF5A843C27FFEF6F00FFA85F /* SearchTableViewController.swift */; };
		DF5A8443280008F400FFA85F /* SeeAllCollectionViewCell.swift in Sources */ = {isa = PBXBuildFile; fileRef = DF5A8441280008F400FFA85F /* SeeAllCollectionViewCell.swift */; };
		DF5A844628000C3300FFA85F /* SeeAllViewController.swift in Sources */ = {isa = PBXBuildFile; fileRef = DF5A844528000C3300FFA85F /* SeeAllViewController.swift */; };
		DF6E512127FBEE59001FF8D8 /* HomeTableViewController.swift in Sources */ = {isa = PBXBuildFile; fileRef = DF6E512027FBEE59001FF8D8 /* HomeTableViewController.swift */; };
		DF6E512327FBEE6E001FF8D8 /* ComingSoonTableViewController.swift in Sources */ = {isa = PBXBuildFile; fileRef = DF6E512227FBEE6E001FF8D8 /* ComingSoonTableViewController.swift */; };
		DF6E512527FBEE82001FF8D8 /* MyListTableViewController.swift in Sources */ = {isa = PBXBuildFile; fileRef = DF6E512427FBEE82001FF8D8 /* MyListTableViewController.swift */; };
		DF6E512827FC18D1001FF8D8 /* APICaller.swift in Sources */ = {isa = PBXBuildFile; fileRef = DF6E512727FC18D1001FF8D8 /* APICaller.swift */; };
		DFA5BAC52809208E00148290 /* MoreLikeThisTableViewCell.swift in Sources */ = {isa = PBXBuildFile; fileRef = DFA5BAC42809208E00148290 /* MoreLikeThisTableViewCell.swift */; };
		DFA5BACF2809351B00148290 /* ItemCastTableViewCell.xib in Resources */ = {isa = PBXBuildFile; fileRef = DFA5BACE2809351B00148290 /* ItemCastTableViewCell.xib */; };
		DFA5BAD128093D7500148290 /* MoreLikeThisTableViewCell.xib in Resources */ = {isa = PBXBuildFile; fileRef = DFA5BAD028093D7500148290 /* MoreLikeThisTableViewCell.xib */; };
		DFA5BAD4280CFCB300148290 /* SeeMoreViewController.swift in Sources */ = {isa = PBXBuildFile; fileRef = DFA5BAD2280CFCB300148290 /* SeeMoreViewController.swift */; };
		DFA5BAD5280CFCB300148290 /* SeeMoreViewController.xib in Resources */ = {isa = PBXBuildFile; fileRef = DFA5BAD3280CFCB300148290 /* SeeMoreViewController.xib */; };
		DFA5BAD8280D1D7000148290 /* YoutubePlayer-in-WKWebView in Frameworks */ = {isa = PBXBuildFile; productRef = DFA5BAD7280D1D7000148290 /* YoutubePlayer-in-WKWebView */; };
		DFBF496927FC231200140F00 /* ListedItem.swift in Sources */ = {isa = PBXBuildFile; fileRef = DFBF496827FC231200140F00 /* ListedItem.swift */; };
		DFE6E1C4280445020025D737 /* NotificationCenterExtension.swift in Sources */ = {isa = PBXBuildFile; fileRef = DFE6E1C3280445020025D737 /* NotificationCenterExtension.swift */; };
		DFE6E1CD28044E440025D737 /* CategoryTableViewCell.swift in Sources */ = {isa = PBXBuildFile; fileRef = DFE6E1CC28044E440025D737 /* CategoryTableViewCell.swift */; };
		DFE6E1D32805218F0025D737 /* ListCollectionViewCell.swift in Sources */ = {isa = PBXBuildFile; fileRef = DFE6E1D12805218F0025D737 /* ListCollectionViewCell.swift */; };
		DFE6E1D42805218F0025D737 /* ListCollectionViewCell.xib in Resources */ = {isa = PBXBuildFile; fileRef = DFE6E1D22805218F0025D737 /* ListCollectionViewCell.xib */; };
		DFE6E1D628056D3A0025D737 /* ImageCache.swift in Sources */ = {isa = PBXBuildFile; fileRef = DFE6E1D528056D3A0025D737 /* ImageCache.swift */; };
		DFE6E1DA2806D3850025D737 /* SearchTableViewCell.swift in Sources */ = {isa = PBXBuildFile; fileRef = DFE6E1D92806D3850025D737 /* SearchTableViewCell.swift */; };
		DFE6E1DE2806FA8C0025D737 /* SearchSectionHeaderView.swift in Sources */ = {isa = PBXBuildFile; fileRef = DFE6E1DD2806FA8C0025D737 /* SearchSectionHeaderView.swift */; };
		DFE6E1E02806FAA50025D737 /* SearchSectionHeaderView.xib in Resources */ = {isa = PBXBuildFile; fileRef = DFE6E1DF2806FAA50025D737 /* SearchSectionHeaderView.xib */; };
		DFFD9DF62808FE6B00079E85 /* ItemBannerTableViewCell.swift in Sources */ = {isa = PBXBuildFile; fileRef = DFFD9DF42808FE6B00079E85 /* ItemBannerTableViewCell.swift */; };
		DFFD9DF72808FE6B00079E85 /* ItemBannerTableViewCell.xib in Resources */ = {isa = PBXBuildFile; fileRef = DFFD9DF52808FE6B00079E85 /* ItemBannerTableViewCell.xib */; };
		DFFD9DF9280911B500079E85 /* ItemCastTableViewCell.swift in Sources */ = {isa = PBXBuildFile; fileRef = DFFD9DF8280911B500079E85 /* ItemCastTableViewCell.swift */; };
		DFFD9DFC2809125800079E85 /* ItemCastCollectionViewCell.swift in Sources */ = {isa = PBXBuildFile; fileRef = DFFD9DFA2809125800079E85 /* ItemCastCollectionViewCell.swift */; };
		DFFD9DFD2809125800079E85 /* ItemCastCollectionViewCell.xib in Resources */ = {isa = PBXBuildFile; fileRef = DFFD9DFB2809125800079E85 /* ItemCastCollectionViewCell.xib */; };
		DFFD9E002809193C00079E85 /* InteractiveTableViewCell.swift in Sources */ = {isa = PBXBuildFile; fileRef = DFFD9DFE2809193C00079E85 /* InteractiveTableViewCell.swift */; };
		DFFD9E012809193C00079E85 /* InteractiveTableViewCell.xib in Resources */ = {isa = PBXBuildFile; fileRef = DFFD9DFF2809193C00079E85 /* InteractiveTableViewCell.xib */; };
/* End PBXBuildFile section */

/* Begin PBXFileReference section */
		DF3D5D37280D35FD00B4007A /* Video.swift */ = {isa = PBXFileReference; lastKnownFileType = sourcecode.swift; path = Video.swift; sourceTree = "<group>"; };
		DF3D5D3B280D5FF400B4007A /* VideoView.swift */ = {isa = PBXFileReference; lastKnownFileType = sourcecode.swift; path = VideoView.swift; sourceTree = "<group>"; };
		DF3D5D3E280E3ABB00B4007A /* MyListTableViewCell.swift */ = {isa = PBXFileReference; lastKnownFileType = sourcecode.swift; path = MyListTableViewCell.swift; sourceTree = "<group>"; };
		DF3D5D42280E4DC600B4007A /* NetflixClone.xcdatamodel */ = {isa = PBXFileReference; lastKnownFileType = wrapper.xcdatamodel; path = NetflixClone.xcdatamodel; sourceTree = "<group>"; };
		DF3D5D67280E501000B4007A /* MyList+CoreDataClass.swift */ = {isa = PBXFileReference; lastKnownFileType = sourcecode.swift; path = "MyList+CoreDataClass.swift"; sourceTree = "<group>"; };
		DF3D5D68280E501000B4007A /* MyList+CoreDataProperties.swift */ = {isa = PBXFileReference; lastKnownFileType = sourcecode.swift; path = "MyList+CoreDataProperties.swift"; sourceTree = "<group>"; };
		DF3D5D6B280E9A8F00B4007A /* CoreDataRepository.swift */ = {isa = PBXFileReference; lastKnownFileType = sourcecode.swift; path = CoreDataRepository.swift; sourceTree = "<group>"; };
		DF3E2849280031BB006DC5B9 /* CategoryViewController.swift */ = {isa = PBXFileReference; lastKnownFileType = sourcecode.swift; path = CategoryViewController.swift; sourceTree = "<group>"; };
		DF464BB627FAD79F004310C8 /* NetflixClone.app */ = {isa = PBXFileReference; explicitFileType = wrapper.application; includeInIndex = 0; path = NetflixClone.app; sourceTree = BUILT_PRODUCTS_DIR; };
		DF464BB927FAD7A0004310C8 /* AppDelegate.swift */ = {isa = PBXFileReference; lastKnownFileType = sourcecode.swift; path = AppDelegate.swift; sourceTree = "<group>"; };
		DF464BBB27FAD7A0004310C8 /* SceneDelegate.swift */ = {isa = PBXFileReference; lastKnownFileType = sourcecode.swift; path = SceneDelegate.swift; sourceTree = "<group>"; };
		DF464BC027FAD7A0004310C8 /* Base */ = {isa = PBXFileReference; lastKnownFileType = file.storyboard; name = Base; path = Base.lproj/Main.storyboard; sourceTree = "<group>"; };
		DF464BC227FAD7A5004310C8 /* Assets.xcassets */ = {isa = PBXFileReference; lastKnownFileType = folder.assetcatalog; path = Assets.xcassets; sourceTree = "<group>"; };
		DF464BC527FAD7A5004310C8 /* Base */ = {isa = PBXFileReference; lastKnownFileType = file.storyboard; name = Base; path = Base.lproj/LaunchScreen.storyboard; sourceTree = "<group>"; };
		DF464BC727FAD7A5004310C8 /* Info.plist */ = {isa = PBXFileReference; lastKnownFileType = text.plist.xml; path = Info.plist; sourceTree = "<group>"; };
		DF49F12527FC3A6E00628E79 /* MovieDetail.swift */ = {isa = PBXFileReference; lastKnownFileType = sourcecode.swift; path = MovieDetail.swift; sourceTree = "<group>"; };
		DF49F12727FC3B1D00628E79 /* Genre.swift */ = {isa = PBXFileReference; lastKnownFileType = sourcecode.swift; path = Genre.swift; sourceTree = "<group>"; };
		DF49F12927FD1C6600628E79 /* TvDetail.swift */ = {isa = PBXFileReference; lastKnownFileType = sourcecode.swift; path = TvDetail.swift; sourceTree = "<group>"; };
		DF49F12B27FD1E1900628E79 /* Cast.swift */ = {isa = PBXFileReference; lastKnownFileType = sourcecode.swift; path = Cast.swift; sourceTree = "<group>"; };
		DF49F12D27FD254800628E79 /* Crew.swift */ = {isa = PBXFileReference; lastKnownFileType = sourcecode.swift; path = Crew.swift; sourceTree = "<group>"; };
		DF49F12F27FD284600628E79 /* Network.swift */ = {isa = PBXFileReference; lastKnownFileType = sourcecode.swift; path = Network.swift; sourceTree = "<group>"; };
		DF49F13127FD457100628E79 /* Season.swift */ = {isa = PBXFileReference; lastKnownFileType = sourcecode.swift; path = Season.swift; sourceTree = "<group>"; };
		DF49F13327FD45A900628E79 /* LastEpisodeToAir.swift */ = {isa = PBXFileReference; lastKnownFileType = sourcecode.swift; path = LastEpisodeToAir.swift; sourceTree = "<group>"; };
		DF49F13527FD4C8400628E79 /* CreatedBy.swift */ = {isa = PBXFileReference; lastKnownFileType = sourcecode.swift; path = CreatedBy.swift; sourceTree = "<group>"; };
		DF49F13927FD8BED00628E79 /* ManageURL.swift */ = {isa = PBXFileReference; lastKnownFileType = sourcecode.swift; path = ManageURL.swift; sourceTree = "<group>"; };
		DF49F13B27FE6CD100628E79 /* Constants.swift */ = {isa = PBXFileReference; lastKnownFileType = sourcecode.swift; path = Constants.swift; sourceTree = "<group>"; };
		DF49F13F27FE722A00628E79 /* Keys.plist */ = {isa = PBXFileReference; lastKnownFileType = text.plist.xml; path = Keys.plist; sourceTree = "<group>"; };
		DF49F14127FE8A4700628E79 /* Enums.swift */ = {isa = PBXFileReference; lastKnownFileType = sourcecode.swift; path = Enums.swift; sourceTree = "<group>"; };
		DF49F14327FE90FA00628E79 /* APIRepository.swift */ = {isa = PBXFileReference; lastKnownFileType = sourcecode.swift; path = APIRepository.swift; sourceTree = "<group>"; };
		DF49F14527FEDE3300628E79 /* HomeTableViewCell.swift */ = {isa = PBXFileReference; lastKnownFileType = sourcecode.swift; path = HomeTableViewCell.swift; sourceTree = "<group>"; };
		DF49F14727FEE83000628E79 /* SectionHeaderCell.swift */ = {isa = PBXFileReference; lastKnownFileType = sourcecode.swift; path = SectionHeaderCell.swift; sourceTree = "<group>"; };
		DF49F14827FEE83000628E79 /* SectionHeaderCell.xib */ = {isa = PBXFileReference; lastKnownFileType = file.xib; path = SectionHeaderCell.xib; sourceTree = "<group>"; };
		DF5A843827FFD1BE00FFA85F /* ReuseableView.swift */ = {isa = PBXFileReference; lastKnownFileType = sourcecode.swift; path = ReuseableView.swift; sourceTree = "<group>"; };
		DF5A843A27FFE19700FFA85F /* DetailTableViewController.swift */ = {isa = PBXFileReference; lastKnownFileType = sourcecode.swift; path = DetailTableViewController.swift; sourceTree = "<group>"; };
		DF5A843C27FFEF6F00FFA85F /* SearchTableViewController.swift */ = {isa = PBXFileReference; lastKnownFileType = sourcecode.swift; path = SearchTableViewController.swift; sourceTree = "<group>"; };
		DF5A8441280008F400FFA85F /* SeeAllCollectionViewCell.swift */ = {isa = PBXFileReference; lastKnownFileType = sourcecode.swift; path = SeeAllCollectionViewCell.swift; sourceTree = "<group>"; };
		DF5A844528000C3300FFA85F /* SeeAllViewController.swift */ = {isa = PBXFileReference; lastKnownFileType = sourcecode.swift; path = SeeAllViewController.swift; sourceTree = "<group>"; };
		DF6E512027FBEE59001FF8D8 /* HomeTableViewController.swift */ = {isa = PBXFileReference; lastKnownFileType = sourcecode.swift; path = HomeTableViewController.swift; sourceTree = "<group>"; };
		DF6E512227FBEE6E001FF8D8 /* ComingSoonTableViewController.swift */ = {isa = PBXFileReference; lastKnownFileType = sourcecode.swift; path = ComingSoonTableViewController.swift; sourceTree = "<group>"; };
		DF6E512427FBEE82001FF8D8 /* MyListTableViewController.swift */ = {isa = PBXFileReference; lastKnownFileType = sourcecode.swift; path = MyListTableViewController.swift; sourceTree = "<group>"; };
		DF6E512727FC18D1001FF8D8 /* APICaller.swift */ = {isa = PBXFileReference; lastKnownFileType = sourcecode.swift; path = APICaller.swift; sourceTree = "<group>"; };
		DFA5BAC42809208E00148290 /* MoreLikeThisTableViewCell.swift */ = {isa = PBXFileReference; lastKnownFileType = sourcecode.swift; path = MoreLikeThisTableViewCell.swift; sourceTree = "<group>"; };
		DFA5BACE2809351B00148290 /* ItemCastTableViewCell.xib */ = {isa = PBXFileReference; lastKnownFileType = file.xib; path = ItemCastTableViewCell.xib; sourceTree = "<group>"; };
		DFA5BAD028093D7500148290 /* MoreLikeThisTableViewCell.xib */ = {isa = PBXFileReference; lastKnownFileType = file.xib; path = MoreLikeThisTableViewCell.xib; sourceTree = "<group>"; };
		DFA5BAD2280CFCB300148290 /* SeeMoreViewController.swift */ = {isa = PBXFileReference; lastKnownFileType = sourcecode.swift; path = SeeMoreViewController.swift; sourceTree = "<group>"; };
		DFA5BAD3280CFCB300148290 /* SeeMoreViewController.xib */ = {isa = PBXFileReference; lastKnownFileType = file.xib; path = SeeMoreViewController.xib; sourceTree = "<group>"; };
		DFBF496827FC231200140F00 /* ListedItem.swift */ = {isa = PBXFileReference; lastKnownFileType = sourcecode.swift; path = ListedItem.swift; sourceTree = "<group>"; };
		DFE6E1C3280445020025D737 /* NotificationCenterExtension.swift */ = {isa = PBXFileReference; lastKnownFileType = sourcecode.swift; path = NotificationCenterExtension.swift; sourceTree = "<group>"; };
		DFE6E1CC28044E440025D737 /* CategoryTableViewCell.swift */ = {isa = PBXFileReference; lastKnownFileType = sourcecode.swift; path = CategoryTableViewCell.swift; sourceTree = "<group>"; };
		DFE6E1D12805218F0025D737 /* ListCollectionViewCell.swift */ = {isa = PBXFileReference; lastKnownFileType = sourcecode.swift; path = ListCollectionViewCell.swift; sourceTree = "<group>"; };
		DFE6E1D22805218F0025D737 /* ListCollectionViewCell.xib */ = {isa = PBXFileReference; lastKnownFileType = file.xib; path = ListCollectionViewCell.xib; sourceTree = "<group>"; };
		DFE6E1D528056D3A0025D737 /* ImageCache.swift */ = {isa = PBXFileReference; lastKnownFileType = sourcecode.swift; path = ImageCache.swift; sourceTree = "<group>"; };
		DFE6E1D92806D3850025D737 /* SearchTableViewCell.swift */ = {isa = PBXFileReference; lastKnownFileType = sourcecode.swift; path = SearchTableViewCell.swift; sourceTree = "<group>"; };
		DFE6E1DD2806FA8C0025D737 /* SearchSectionHeaderView.swift */ = {isa = PBXFileReference; lastKnownFileType = sourcecode.swift; path = SearchSectionHeaderView.swift; sourceTree = "<group>"; };
		DFE6E1DF2806FAA50025D737 /* SearchSectionHeaderView.xib */ = {isa = PBXFileReference; lastKnownFileType = file.xib; path = SearchSectionHeaderView.xib; sourceTree = "<group>"; };
		DFFD9DF42808FE6B00079E85 /* ItemBannerTableViewCell.swift */ = {isa = PBXFileReference; lastKnownFileType = sourcecode.swift; path = ItemBannerTableViewCell.swift; sourceTree = "<group>"; };
		DFFD9DF52808FE6B00079E85 /* ItemBannerTableViewCell.xib */ = {isa = PBXFileReference; lastKnownFileType = file.xib; path = ItemBannerTableViewCell.xib; sourceTree = "<group>"; };
		DFFD9DF8280911B500079E85 /* ItemCastTableViewCell.swift */ = {isa = PBXFileReference; lastKnownFileType = sourcecode.swift; path = ItemCastTableViewCell.swift; sourceTree = "<group>"; };
		DFFD9DFA2809125800079E85 /* ItemCastCollectionViewCell.swift */ = {isa = PBXFileReference; lastKnownFileType = sourcecode.swift; path = ItemCastCollectionViewCell.swift; sourceTree = "<group>"; };
		DFFD9DFB2809125800079E85 /* ItemCastCollectionViewCell.xib */ = {isa = PBXFileReference; lastKnownFileType = file.xib; path = ItemCastCollectionViewCell.xib; sourceTree = "<group>"; };
		DFFD9DFE2809193C00079E85 /* InteractiveTableViewCell.swift */ = {isa = PBXFileReference; lastKnownFileType = sourcecode.swift; path = InteractiveTableViewCell.swift; sourceTree = "<group>"; };
		DFFD9DFF2809193C00079E85 /* InteractiveTableViewCell.xib */ = {isa = PBXFileReference; lastKnownFileType = file.xib; path = InteractiveTableViewCell.xib; sourceTree = "<group>"; };
/* End PBXFileReference section */

/* Begin PBXFrameworksBuildPhase section */
		DF464BB327FAD79F004310C8 /* Frameworks */ = {
			isa = PBXFrameworksBuildPhase;
			buildActionMask = 2147483647;
			files = (
				DFA5BAD8280D1D7000148290 /* YoutubePlayer-in-WKWebView in Frameworks */,
			);
			runOnlyForDeploymentPostprocessing = 0;
		};
/* End PBXFrameworksBuildPhase section */

/* Begin PBXGroup section */
		DF3D5D3D280E37A000B4007A /* Cells */ = {
			isa = PBXGroup;
			children = (
				DF3D5D3E280E3ABB00B4007A /* MyListTableViewCell.swift */,
			);
			path = Cells;
			sourceTree = "<group>";
		};
		DF3D5D40280E4DAC00B4007A /* Core Data */ = {
			isa = PBXGroup;
			children = (
				DF3D5D67280E501000B4007A /* MyList+CoreDataClass.swift */,
				DF3D5D68280E501000B4007A /* MyList+CoreDataProperties.swift */,
				DF3D5D41280E4DC600B4007A /* NetflixClone.xcdatamodeld */,
				DF3D5D6B280E9A8F00B4007A /* CoreDataRepository.swift */,
			);
			path = "Core Data";
			sourceTree = "<group>";
		};
		DF464BAD27FAD79F004310C8 = {
			isa = PBXGroup;
			children = (
				DF464BB827FAD79F004310C8 /* NetflixClone */,
				DF464BB727FAD79F004310C8 /* Products */,
			);
			sourceTree = "<group>";
		};
		DF464BB727FAD79F004310C8 /* Products */ = {
			isa = PBXGroup;
			children = (
				DF464BB627FAD79F004310C8 /* NetflixClone.app */,
			);
			name = Products;
			sourceTree = "<group>";
		};
		DF464BB827FAD79F004310C8 /* NetflixClone */ = {
			isa = PBXGroup;
			children = (
				DFE6E1C1280444C80025D737 /* Scenes */,
				DF6E512627FC1885001FF8D8 /* Networking */,
				DF4B11FA27FBCBA300DC1B76 /* Models */,
				DF3D5D40280E4DAC00B4007A /* Core Data */,
				DF5A843727FFD1A000FFA85F /* Ultilities */,
				DF4B11FE27FBCBD300DC1B76 /* Resources */,
				DFE6E1C2280444D10025D737 /* Extensions */,
				DF4B11FD27FBCBCA00DC1B76 /* AppDelegates */,
				DF464BC727FAD7A5004310C8 /* Info.plist */,
			);
			path = NetflixClone;
			sourceTree = "<group>";
		};
		DF4B11FA27FBCBA300DC1B76 /* Models */ = {
			isa = PBXGroup;
			children = (
				DFBF496827FC231200140F00 /* ListedItem.swift */,
				DF49F12527FC3A6E00628E79 /* MovieDetail.swift */,
				DF49F12927FD1C6600628E79 /* TvDetail.swift */,
				DF49F12727FC3B1D00628E79 /* Genre.swift */,
				DF49F12B27FD1E1900628E79 /* Cast.swift */,
				DF49F12D27FD254800628E79 /* Crew.swift */,
				DF49F12F27FD284600628E79 /* Network.swift */,
				DF49F13127FD457100628E79 /* Season.swift */,
				DF49F13327FD45A900628E79 /* LastEpisodeToAir.swift */,
				DF49F13527FD4C8400628E79 /* CreatedBy.swift */,
				DF3D5D37280D35FD00B4007A /* Video.swift */,
			);
			path = Models;
			sourceTree = "<group>";
		};
		DF4B11FD27FBCBCA00DC1B76 /* AppDelegates */ = {
			isa = PBXGroup;
			children = (
				DF464BB927FAD7A0004310C8 /* AppDelegate.swift */,
				DF464BBB27FAD7A0004310C8 /* SceneDelegate.swift */,
			);
			path = AppDelegates;
			sourceTree = "<group>";
		};
		DF4B11FE27FBCBD300DC1B76 /* Resources */ = {
			isa = PBXGroup;
			children = (
				DF464BC227FAD7A5004310C8 /* Assets.xcassets */,
				DF49F13F27FE722A00628E79 /* Keys.plist */,
			);
			path = Resources;
			sourceTree = "<group>";
		};
		DF5A843727FFD1A000FFA85F /* Ultilities */ = {
			isa = PBXGroup;
			children = (
				DFE6E1D12805218F0025D737 /* ListCollectionViewCell.swift */,
				DFE6E1D22805218F0025D737 /* ListCollectionViewCell.xib */,
				DF5A843827FFD1BE00FFA85F /* ReuseableView.swift */,
				DFE6E1D528056D3A0025D737 /* ImageCache.swift */,
				DF3D5D3B280D5FF400B4007A /* VideoView.swift */,
			);
			path = Ultilities;
			sourceTree = "<group>";
		};
		DF6E512627FC1885001FF8D8 /* Networking */ = {
			isa = PBXGroup;
			children = (
				DF49F13927FD8BED00628E79 /* ManageURL.swift */,
				DF6E512727FC18D1001FF8D8 /* APICaller.swift */,
				DF49F14327FE90FA00628E79 /* APIRepository.swift */,
				DF49F13B27FE6CD100628E79 /* Constants.swift */,
				DF49F14127FE8A4700628E79 /* Enums.swift */,
			);
			path = Networking;
			sourceTree = "<group>";
		};
		DFE6E1C1280444C80025D737 /* Scenes */ = {
			isa = PBXGroup;
			children = (
				DFE6E1C528044C340025D737 /* Home */,
				DFE6E1C628044C410025D737 /* Detail */,
				DFE6E1CB28044C630025D737 /* Category */,
				DFE6E1CA28044C5E0025D737 /* SeeAll */,
				DFE6E1C928044C580025D737 /* MyList */,
				DFE6E1C828044C510025D737 /* ComingSoon */,
				DFE6E1C728044C4C0025D737 /* Search */,
				DF464BBF27FAD7A0004310C8 /* Main.storyboard */,
				DF464BC427FAD7A5004310C8 /* LaunchScreen.storyboard */,
			);
			path = Scenes;
			sourceTree = "<group>";
		};
		DFE6E1C2280444D10025D737 /* Extensions */ = {
			isa = PBXGroup;
			children = (
				DFE6E1C3280445020025D737 /* NotificationCenterExtension.swift */,
			);
			path = Extensions;
			sourceTree = "<group>";
		};
		DFE6E1C528044C340025D737 /* Home */ = {
			isa = PBXGroup;
			children = (
				DF6E512027FBEE59001FF8D8 /* HomeTableViewController.swift */,
				DFE6E1CE280510870025D737 /* Cells */,
			);
			path = Home;
			sourceTree = "<group>";
		};
		DFE6E1C628044C410025D737 /* Detail */ = {
			isa = PBXGroup;
			children = (
				DFFD9DF32808FE1400079E85 /* Cells */,
				DF5A843A27FFE19700FFA85F /* DetailTableViewController.swift */,
			);
			path = Detail;
			sourceTree = "<group>";
		};
		DFE6E1C728044C4C0025D737 /* Search */ = {
			isa = PBXGroup;
			children = (
				DFE6E1D82806D3640025D737 /* Cells */,
				DF5A843C27FFEF6F00FFA85F /* SearchTableViewController.swift */,
			);
			path = Search;
			sourceTree = "<group>";
		};
		DFE6E1C828044C510025D737 /* ComingSoon */ = {
			isa = PBXGroup;
			children = (
				DF6E512227FBEE6E001FF8D8 /* ComingSoonTableViewController.swift */,
			);
			path = ComingSoon;
			sourceTree = "<group>";
		};
		DFE6E1C928044C580025D737 /* MyList */ = {
			isa = PBXGroup;
			children = (
				DF3D5D3D280E37A000B4007A /* Cells */,
				DF6E512427FBEE82001FF8D8 /* MyListTableViewController.swift */,
			);
			path = MyList;
			sourceTree = "<group>";
		};
		DFE6E1CA28044C5E0025D737 /* SeeAll */ = {
			isa = PBXGroup;
			children = (
				DF5A844528000C3300FFA85F /* SeeAllViewController.swift */,
				DFE6E1D0280510B00025D737 /* Cells */,
			);
			path = SeeAll;
			sourceTree = "<group>";
		};
		DFE6E1CB28044C630025D737 /* Category */ = {
			isa = PBXGroup;
			children = (
				DF3E2849280031BB006DC5B9 /* CategoryViewController.swift */,
				DFE6E1CF2805109F0025D737 /* Cells */,
			);
			path = Category;
			sourceTree = "<group>";
		};
		DFE6E1CE280510870025D737 /* Cells */ = {
			isa = PBXGroup;
			children = (
				DF49F14727FEE83000628E79 /* SectionHeaderCell.swift */,
				DF49F14827FEE83000628E79 /* SectionHeaderCell.xib */,
				DF49F14527FEDE3300628E79 /* HomeTableViewCell.swift */,
			);
			path = Cells;
			sourceTree = "<group>";
		};
		DFE6E1CF2805109F0025D737 /* Cells */ = {
			isa = PBXGroup;
			children = (
				DFE6E1CC28044E440025D737 /* CategoryTableViewCell.swift */,
			);
			path = Cells;
			sourceTree = "<group>";
		};
		DFE6E1D0280510B00025D737 /* Cells */ = {
			isa = PBXGroup;
			children = (
				DF5A8441280008F400FFA85F /* SeeAllCollectionViewCell.swift */,
			);
			path = Cells;
			sourceTree = "<group>";
		};
		DFE6E1D82806D3640025D737 /* Cells */ = {
			isa = PBXGroup;
			children = (
				DFE6E1D92806D3850025D737 /* SearchTableViewCell.swift */,
				DFE6E1DD2806FA8C0025D737 /* SearchSectionHeaderView.swift */,
				DFE6E1DF2806FAA50025D737 /* SearchSectionHeaderView.xib */,
			);
			path = Cells;
			sourceTree = "<group>";
		};
		DFFD9DF32808FE1400079E85 /* Cells */ = {
			isa = PBXGroup;
			children = (
				DFA5BAD2280CFCB300148290 /* SeeMoreViewController.swift */,
				DFA5BAD3280CFCB300148290 /* SeeMoreViewController.xib */,
				DFFD9DF42808FE6B00079E85 /* ItemBannerTableViewCell.swift */,
				DFFD9DF52808FE6B00079E85 /* ItemBannerTableViewCell.xib */,
				DFFD9DF8280911B500079E85 /* ItemCastTableViewCell.swift */,
				DFA5BACE2809351B00148290 /* ItemCastTableViewCell.xib */,
				DFFD9DFA2809125800079E85 /* ItemCastCollectionViewCell.swift */,
				DFFD9DFB2809125800079E85 /* ItemCastCollectionViewCell.xib */,
				DFFD9DFE2809193C00079E85 /* InteractiveTableViewCell.swift */,
				DFFD9DFF2809193C00079E85 /* InteractiveTableViewCell.xib */,
				DFA5BAC42809208E00148290 /* MoreLikeThisTableViewCell.swift */,
				DFA5BAD028093D7500148290 /* MoreLikeThisTableViewCell.xib */,
			);
			path = Cells;
			sourceTree = "<group>";
		};
/* End PBXGroup section */

/* Begin PBXNativeTarget section */
		DF464BB527FAD79F004310C8 /* NetflixClone */ = {
			isa = PBXNativeTarget;
			buildConfigurationList = DF464BCA27FAD7A5004310C8 /* Build configuration list for PBXNativeTarget "NetflixClone" */;
			buildPhases = (
				DF4B11F927FBCA9000DC1B76 /* Run Swiftlint */,
				DF464BB227FAD79F004310C8 /* Sources */,
				DF464BB327FAD79F004310C8 /* Frameworks */,
				DF464BB427FAD79F004310C8 /* Resources */,
			);
			buildRules = (
			);
			dependencies = (
			);
			name = NetflixClone;
			packageProductDependencies = (
				DFA5BAD7280D1D7000148290 /* YoutubePlayer-in-WKWebView */,
			);
			productName = NetflixClone;
			productReference = DF464BB627FAD79F004310C8 /* NetflixClone.app */;
			productType = "com.apple.product-type.application";
		};
/* End PBXNativeTarget section */

/* Begin PBXProject section */
		DF464BAE27FAD79F004310C8 /* Project object */ = {
			isa = PBXProject;
			attributes = {
				BuildIndependentTargetsInParallel = 1;
				LastSwiftUpdateCheck = 1330;
				LastUpgradeCheck = 1330;
				TargetAttributes = {
					DF464BB527FAD79F004310C8 = {
						CreatedOnToolsVersion = 13.3;
					};
				};
			};
			buildConfigurationList = DF464BB127FAD79F004310C8 /* Build configuration list for PBXProject "NetflixClone" */;
			compatibilityVersion = "Xcode 13.0";
			developmentRegion = en;
			hasScannedForEncodings = 0;
			knownRegions = (
				en,
				Base,
			);
			mainGroup = DF464BAD27FAD79F004310C8;
			packageReferences = (
				DFA5BAD6280D1D7000148290 /* XCRemoteSwiftPackageReference "YoutubePlayer-in-WKWebView" */,
			);
			productRefGroup = DF464BB727FAD79F004310C8 /* Products */;
			projectDirPath = "";
			projectRoot = "";
			targets = (
				DF464BB527FAD79F004310C8 /* NetflixClone */,
			);
		};
/* End PBXProject section */

/* Begin PBXResourcesBuildPhase section */
		DF464BB427FAD79F004310C8 /* Resources */ = {
			isa = PBXResourcesBuildPhase;
			buildActionMask = 2147483647;
			files = (
				DF49F14027FE722A00628E79 /* Keys.plist in Resources */,
				DF49F14A27FEE83000628E79 /* SectionHeaderCell.xib in Resources */,
				DFE6E1D42805218F0025D737 /* ListCollectionViewCell.xib in Resources */,
				DFA5BAD5280CFCB300148290 /* SeeMoreViewController.xib in Resources */,
				DFA5BACF2809351B00148290 /* ItemCastTableViewCell.xib in Resources */,
				DF464BC627FAD7A5004310C8 /* LaunchScreen.storyboard in Resources */,
				DFA5BAD128093D7500148290 /* MoreLikeThisTableViewCell.xib in Resources */,
				DFFD9DF72808FE6B00079E85 /* ItemBannerTableViewCell.xib in Resources */,
				DFFD9DFD2809125800079E85 /* ItemCastCollectionViewCell.xib in Resources */,
				DFFD9E012809193C00079E85 /* InteractiveTableViewCell.xib in Resources */,
				DF464BC327FAD7A5004310C8 /* Assets.xcassets in Resources */,
				DF464BC127FAD7A0004310C8 /* Main.storyboard in Resources */,
				DFE6E1E02806FAA50025D737 /* SearchSectionHeaderView.xib in Resources */,
			);
			runOnlyForDeploymentPostprocessing = 0;
		};
/* End PBXResourcesBuildPhase section */

/* Begin PBXShellScriptBuildPhase section */
		DF4B11F927FBCA9000DC1B76 /* Run Swiftlint */ = {
			isa = PBXShellScriptBuildPhase;
			buildActionMask = 2147483647;
			files = (
			);
			inputFileListPaths = (
			);
			inputPaths = (
			);
			name = "Run Swiftlint";
			outputFileListPaths = (
			);
			outputPaths = (
			);
			runOnlyForDeploymentPostprocessing = 0;
			shellPath = /bin/sh;
			shellScript = "export PATH=\"$PATH:/opt/homebrew/bin\"\nif which swiftlint > /dev/null; then\n  swiftlint\nelse\n  echo \"warning: SwiftLint not installed, download from https://github.com/realm/SwiftLint\"\nfi\n";
		};
/* End PBXShellScriptBuildPhase section */

/* Begin PBXSourcesBuildPhase section */
		DF464BB227FAD79F004310C8 /* Sources */ = {
			isa = PBXSourcesBuildPhase;
			buildActionMask = 2147483647;
			files = (
				DF49F13027FD284600628E79 /* Network.swift in Sources */,
				DF5A843927FFD1BE00FFA85F /* ReuseableView.swift in Sources */,
				DFE6E1D628056D3A0025D737 /* ImageCache.swift in Sources */,
				DF49F13A27FD8BED00628E79 /* ManageURL.swift in Sources */,
				DFE6E1C4280445020025D737 /* NotificationCenterExtension.swift in Sources */,
				DF49F13427FD45A900628E79 /* LastEpisodeToAir.swift in Sources */,
				DFE6E1CD28044E440025D737 /* CategoryTableViewCell.swift in Sources */,
				DF49F12827FC3B1D00628E79 /* Genre.swift in Sources */,
				DF6E512127FBEE59001FF8D8 /* HomeTableViewController.swift in Sources */,
				DFA5BAC52809208E00148290 /* MoreLikeThisTableViewCell.swift in Sources */,
				DF49F12E27FD254800628E79 /* Crew.swift in Sources */,
				DF49F14927FEE83000628E79 /* SectionHeaderCell.swift in Sources */,
				DF3D5D43280E4DC600B4007A /* NetflixClone.xcdatamodeld in Sources */,
				DF6E512827FC18D1001FF8D8 /* APICaller.swift in Sources */,
				DFBF496927FC231200140F00 /* ListedItem.swift in Sources */,
				DF49F14427FE90FA00628E79 /* APIRepository.swift in Sources */,
				DF49F14627FEDE3300628E79 /* HomeTableViewCell.swift in Sources */,
				DF3D5D3F280E3ABB00B4007A /* MyListTableViewCell.swift in Sources */,
				DF3D5D69280E501000B4007A /* MyList+CoreDataClass.swift in Sources */,
				DFE6E1DA2806D3850025D737 /* SearchTableViewCell.swift in Sources */,
				DF5A843D27FFEF6F00FFA85F /* SearchTableViewController.swift in Sources */,
				DF3D5D6C280E9A9000B4007A /* CoreDataRepository.swift in Sources */,
				DF5A843B27FFE19700FFA85F /* DetailTableViewController.swift in Sources */,
				DF3D5D38280D35FD00B4007A /* Video.swift in Sources */,
				DF6E512327FBEE6E001FF8D8 /* ComingSoonTableViewController.swift in Sources */,
				DFFD9DFC2809125800079E85 /* ItemCastCollectionViewCell.swift in Sources */,
				DF6E512527FBEE82001FF8D8 /* MyListTableViewController.swift in Sources */,
				DF3E284A280031BB006DC5B9 /* CategoryViewController.swift in Sources */,
				DFFD9E002809193C00079E85 /* InteractiveTableViewCell.swift in Sources */,
				DF464BBA27FAD7A0004310C8 /* AppDelegate.swift in Sources */,
				DF3D5D6A280E501000B4007A /* MyList+CoreDataProperties.swift in Sources */,
				DFFD9DF62808FE6B00079E85 /* ItemBannerTableViewCell.swift in Sources */,
				DFFD9DF9280911B500079E85 /* ItemCastTableViewCell.swift in Sources */,
				DF464BBC27FAD7A0004310C8 /* SceneDelegate.swift in Sources */,
				DFE6E1D32805218F0025D737 /* ListCollectionViewCell.swift in Sources */,
				DFA5BAD4280CFCB300148290 /* SeeMoreViewController.swift in Sources */,
				DF49F12C27FD1E1900628E79 /* Cast.swift in Sources */,
				DF49F12A27FD1C6600628E79 /* TvDetail.swift in Sources */,
				DF49F13627FD4C8400628E79 /* CreatedBy.swift in Sources */,
				DFE6E1DE2806FA8C0025D737 /* SearchSectionHeaderView.swift in Sources */,
				DF49F13227FD457100628E79 /* Season.swift in Sources */,
				DF3D5D3C280D5FF400B4007A /* VideoView.swift in Sources */,
				DF49F12627FC3A6E00628E79 /* MovieDetail.swift in Sources */,
				DF49F13C27FE6CD100628E79 /* Constants.swift in Sources */,
				DF5A844628000C3300FFA85F /* SeeAllViewController.swift in Sources */,
				DF5A8443280008F400FFA85F /* SeeAllCollectionViewCell.swift in Sources */,
				DF49F14227FE8A4700628E79 /* Enums.swift in Sources */,
			);
			runOnlyForDeploymentPostprocessing = 0;
		};
/* End PBXSourcesBuildPhase section */

/* Begin PBXVariantGroup section */
		DF464BBF27FAD7A0004310C8 /* Main.storyboard */ = {
			isa = PBXVariantGroup;
			children = (
				DF464BC027FAD7A0004310C8 /* Base */,
			);
			name = Main.storyboard;
			sourceTree = "<group>";
		};
		DF464BC427FAD7A5004310C8 /* LaunchScreen.storyboard */ = {
			isa = PBXVariantGroup;
			children = (
				DF464BC527FAD7A5004310C8 /* Base */,
			);
			name = LaunchScreen.storyboard;
			sourceTree = "<group>";
		};
/* End PBXVariantGroup section */

/* Begin XCBuildConfiguration section */
		DF464BC827FAD7A5004310C8 /* Debug */ = {
			isa = XCBuildConfiguration;
			buildSettings = {
				ALWAYS_SEARCH_USER_PATHS = NO;
				CLANG_ANALYZER_NONNULL = YES;
				CLANG_ANALYZER_NUMBER_OBJECT_CONVERSION = YES_AGGRESSIVE;
				CLANG_CXX_LANGUAGE_STANDARD = "gnu++17";
				CLANG_ENABLE_MODULES = YES;
				CLANG_ENABLE_OBJC_ARC = YES;
				CLANG_ENABLE_OBJC_WEAK = YES;
				CLANG_WARN_BLOCK_CAPTURE_AUTORELEASING = YES;
				CLANG_WARN_BOOL_CONVERSION = YES;
				CLANG_WARN_COMMA = YES;
				CLANG_WARN_CONSTANT_CONVERSION = YES;
				CLANG_WARN_DEPRECATED_OBJC_IMPLEMENTATIONS = YES;
				CLANG_WARN_DIRECT_OBJC_ISA_USAGE = YES_ERROR;
				CLANG_WARN_DOCUMENTATION_COMMENTS = YES;
				CLANG_WARN_EMPTY_BODY = YES;
				CLANG_WARN_ENUM_CONVERSION = YES;
				CLANG_WARN_INFINITE_RECURSION = YES;
				CLANG_WARN_INT_CONVERSION = YES;
				CLANG_WARN_NON_LITERAL_NULL_CONVERSION = YES;
				CLANG_WARN_OBJC_IMPLICIT_RETAIN_SELF = YES;
				CLANG_WARN_OBJC_LITERAL_CONVERSION = YES;
				CLANG_WARN_OBJC_ROOT_CLASS = YES_ERROR;
				CLANG_WARN_QUOTED_INCLUDE_IN_FRAMEWORK_HEADER = YES;
				CLANG_WARN_RANGE_LOOP_ANALYSIS = YES;
				CLANG_WARN_STRICT_PROTOTYPES = YES;
				CLANG_WARN_SUSPICIOUS_MOVE = YES;
				CLANG_WARN_UNGUARDED_AVAILABILITY = YES_AGGRESSIVE;
				CLANG_WARN_UNREACHABLE_CODE = YES;
				CLANG_WARN__DUPLICATE_METHOD_MATCH = YES;
				COPY_PHASE_STRIP = NO;
				DEBUG_INFORMATION_FORMAT = dwarf;
				ENABLE_STRICT_OBJC_MSGSEND = YES;
				ENABLE_TESTABILITY = YES;
				GCC_C_LANGUAGE_STANDARD = gnu11;
				GCC_DYNAMIC_NO_PIC = NO;
				GCC_NO_COMMON_BLOCKS = YES;
				GCC_OPTIMIZATION_LEVEL = 0;
				GCC_PREPROCESSOR_DEFINITIONS = (
					"DEBUG=1",
					"$(inherited)",
				);
				GCC_WARN_64_TO_32_BIT_CONVERSION = YES;
				GCC_WARN_ABOUT_RETURN_TYPE = YES_ERROR;
				GCC_WARN_UNDECLARED_SELECTOR = YES;
				GCC_WARN_UNINITIALIZED_AUTOS = YES_AGGRESSIVE;
				GCC_WARN_UNUSED_FUNCTION = YES;
				GCC_WARN_UNUSED_VARIABLE = YES;
				IPHONEOS_DEPLOYMENT_TARGET = 15.4;
				MTL_ENABLE_DEBUG_INFO = INCLUDE_SOURCE;
				MTL_FAST_MATH = YES;
				ONLY_ACTIVE_ARCH = YES;
				SDKROOT = iphoneos;
				SWIFT_ACTIVE_COMPILATION_CONDITIONS = DEBUG;
				SWIFT_OPTIMIZATION_LEVEL = "-Onone";
			};
			name = Debug;
		};
		DF464BC927FAD7A5004310C8 /* Release */ = {
			isa = XCBuildConfiguration;
			buildSettings = {
				ALWAYS_SEARCH_USER_PATHS = NO;
				CLANG_ANALYZER_NONNULL = YES;
				CLANG_ANALYZER_NUMBER_OBJECT_CONVERSION = YES_AGGRESSIVE;
				CLANG_CXX_LANGUAGE_STANDARD = "gnu++17";
				CLANG_ENABLE_MODULES = YES;
				CLANG_ENABLE_OBJC_ARC = YES;
				CLANG_ENABLE_OBJC_WEAK = YES;
				CLANG_WARN_BLOCK_CAPTURE_AUTORELEASING = YES;
				CLANG_WARN_BOOL_CONVERSION = YES;
				CLANG_WARN_COMMA = YES;
				CLANG_WARN_CONSTANT_CONVERSION = YES;
				CLANG_WARN_DEPRECATED_OBJC_IMPLEMENTATIONS = YES;
				CLANG_WARN_DIRECT_OBJC_ISA_USAGE = YES_ERROR;
				CLANG_WARN_DOCUMENTATION_COMMENTS = YES;
				CLANG_WARN_EMPTY_BODY = YES;
				CLANG_WARN_ENUM_CONVERSION = YES;
				CLANG_WARN_INFINITE_RECURSION = YES;
				CLANG_WARN_INT_CONVERSION = YES;
				CLANG_WARN_NON_LITERAL_NULL_CONVERSION = YES;
				CLANG_WARN_OBJC_IMPLICIT_RETAIN_SELF = YES;
				CLANG_WARN_OBJC_LITERAL_CONVERSION = YES;
				CLANG_WARN_OBJC_ROOT_CLASS = YES_ERROR;
				CLANG_WARN_QUOTED_INCLUDE_IN_FRAMEWORK_HEADER = YES;
				CLANG_WARN_RANGE_LOOP_ANALYSIS = YES;
				CLANG_WARN_STRICT_PROTOTYPES = YES;
				CLANG_WARN_SUSPICIOUS_MOVE = YES;
				CLANG_WARN_UNGUARDED_AVAILABILITY = YES_AGGRESSIVE;
				CLANG_WARN_UNREACHABLE_CODE = YES;
				CLANG_WARN__DUPLICATE_METHOD_MATCH = YES;
				COPY_PHASE_STRIP = NO;
				DEBUG_INFORMATION_FORMAT = "dwarf-with-dsym";
				ENABLE_NS_ASSERTIONS = NO;
				ENABLE_STRICT_OBJC_MSGSEND = YES;
				GCC_C_LANGUAGE_STANDARD = gnu11;
				GCC_NO_COMMON_BLOCKS = YES;
				GCC_WARN_64_TO_32_BIT_CONVERSION = YES;
				GCC_WARN_ABOUT_RETURN_TYPE = YES_ERROR;
				GCC_WARN_UNDECLARED_SELECTOR = YES;
				GCC_WARN_UNINITIALIZED_AUTOS = YES_AGGRESSIVE;
				GCC_WARN_UNUSED_FUNCTION = YES;
				GCC_WARN_UNUSED_VARIABLE = YES;
				IPHONEOS_DEPLOYMENT_TARGET = 15.4;
				MTL_ENABLE_DEBUG_INFO = NO;
				MTL_FAST_MATH = YES;
				SDKROOT = iphoneos;
				SWIFT_COMPILATION_MODE = wholemodule;
				SWIFT_OPTIMIZATION_LEVEL = "-O";
				VALIDATE_PRODUCT = YES;
			};
			name = Release;
		};
		DF464BCB27FAD7A5004310C8 /* Debug */ = {
			isa = XCBuildConfiguration;
			buildSettings = {
				ASSETCATALOG_COMPILER_APPICON_NAME = AppIcon;
				ASSETCATALOG_COMPILER_GLOBAL_ACCENT_COLOR_NAME = AccentColor;
				CODE_SIGN_STYLE = Automatic;
				CURRENT_PROJECT_VERSION = 1;
				DEVELOPMENT_TEAM = QW4XF2Y493;
				GENERATE_INFOPLIST_FILE = YES;
				INFOPLIST_FILE = NetflixClone/Info.plist;
				INFOPLIST_KEY_LSApplicationCategoryType = "";
				INFOPLIST_KEY_UIApplicationSupportsIndirectInputEvents = YES;
				INFOPLIST_KEY_UILaunchStoryboardName = LaunchScreen;
				INFOPLIST_KEY_UIMainStoryboardFile = Main;
				INFOPLIST_KEY_UISupportedInterfaceOrientations = UIInterfaceOrientationPortrait;
				INFOPLIST_KEY_UISupportedInterfaceOrientations_iPad = "UIInterfaceOrientationPortrait UIInterfaceOrientationPortraitUpsideDown UIInterfaceOrientationLandscapeLeft UIInterfaceOrientationLandscapeRight";
				INFOPLIST_KEY_UISupportedInterfaceOrientations_iPhone = "UIInterfaceOrientationPortrait UIInterfaceOrientationLandscapeLeft UIInterfaceOrientationLandscapeRight";
				LD_RUNPATH_SEARCH_PATHS = (
					"$(inherited)",
					"@executable_path/Frameworks",
				);
				MARKETING_VERSION = 1.0;
				PRODUCT_BUNDLE_IDENTIFIER = com.Turacle.NetflixClone;
				PRODUCT_NAME = "$(TARGET_NAME)";
				SWIFT_EMIT_LOC_STRINGS = YES;
				SWIFT_VERSION = 5.0;
				TARGETED_DEVICE_FAMILY = "1,2";
			};
			name = Debug;
		};
		DF464BCC27FAD7A5004310C8 /* Release */ = {
			isa = XCBuildConfiguration;
			buildSettings = {
				ASSETCATALOG_COMPILER_APPICON_NAME = AppIcon;
				ASSETCATALOG_COMPILER_GLOBAL_ACCENT_COLOR_NAME = AccentColor;
				CODE_SIGN_STYLE = Automatic;
				CURRENT_PROJECT_VERSION = 1;
				DEVELOPMENT_TEAM = QW4XF2Y493;
				GENERATE_INFOPLIST_FILE = YES;
				INFOPLIST_FILE = NetflixClone/Info.plist;
				INFOPLIST_KEY_LSApplicationCategoryType = "";
				INFOPLIST_KEY_UIApplicationSupportsIndirectInputEvents = YES;
				INFOPLIST_KEY_UILaunchStoryboardName = LaunchScreen;
				INFOPLIST_KEY_UIMainStoryboardFile = Main;
				INFOPLIST_KEY_UISupportedInterfaceOrientations = UIInterfaceOrientationPortrait;
				INFOPLIST_KEY_UISupportedInterfaceOrientations_iPad = "UIInterfaceOrientationPortrait UIInterfaceOrientationPortraitUpsideDown UIInterfaceOrientationLandscapeLeft UIInterfaceOrientationLandscapeRight";
				INFOPLIST_KEY_UISupportedInterfaceOrientations_iPhone = "UIInterfaceOrientationPortrait UIInterfaceOrientationLandscapeLeft UIInterfaceOrientationLandscapeRight";
				LD_RUNPATH_SEARCH_PATHS = (
					"$(inherited)",
					"@executable_path/Frameworks",
				);
				MARKETING_VERSION = 1.0;
				PRODUCT_BUNDLE_IDENTIFIER = com.Turacle.NetflixClone;
				PRODUCT_NAME = "$(TARGET_NAME)";
				SWIFT_EMIT_LOC_STRINGS = YES;
				SWIFT_VERSION = 5.0;
				TARGETED_DEVICE_FAMILY = "1,2";
			};
			name = Release;
		};
/* End XCBuildConfiguration section */

/* Begin XCConfigurationList section */
		DF464BB127FAD79F004310C8 /* Build configuration list for PBXProject "NetflixClone" */ = {
			isa = XCConfigurationList;
			buildConfigurations = (
				DF464BC827FAD7A5004310C8 /* Debug */,
				DF464BC927FAD7A5004310C8 /* Release */,
			);
			defaultConfigurationIsVisible = 0;
			defaultConfigurationName = Release;
		};
		DF464BCA27FAD7A5004310C8 /* Build configuration list for PBXNativeTarget "NetflixClone" */ = {
			isa = XCConfigurationList;
			buildConfigurations = (
				DF464BCB27FAD7A5004310C8 /* Debug */,
				DF464BCC27FAD7A5004310C8 /* Release */,
			);
			defaultConfigurationIsVisible = 0;
			defaultConfigurationName = Release;
		};
/* End XCConfigurationList section */

/* Begin XCRemoteSwiftPackageReference section */
		DFA5BAD6280D1D7000148290 /* XCRemoteSwiftPackageReference "YoutubePlayer-in-WKWebView" */ = {
			isa = XCRemoteSwiftPackageReference;
			repositoryURL = "https://github.com/hmhv/YoutubePlayer-in-WKWebView.git";
			requirement = {
				kind = upToNextMajorVersion;
				minimumVersion = 0.3.8;
			};
		};
/* End XCRemoteSwiftPackageReference section */

/* Begin XCSwiftPackageProductDependency section */
		DFA5BAD7280D1D7000148290 /* YoutubePlayer-in-WKWebView */ = {
			isa = XCSwiftPackageProductDependency;
			package = DFA5BAD6280D1D7000148290 /* XCRemoteSwiftPackageReference "YoutubePlayer-in-WKWebView" */;
			productName = "YoutubePlayer-in-WKWebView";
		};
/* End XCSwiftPackageProductDependency section */

/* Begin XCVersionGroup section */
		DF3D5D41280E4DC600B4007A /* NetflixClone.xcdatamodeld */ = {
			isa = XCVersionGroup;
			children = (
				DF3D5D42280E4DC600B4007A /* NetflixClone.xcdatamodel */,
			);
			currentVersion = DF3D5D42280E4DC600B4007A /* NetflixClone.xcdatamodel */;
			path = NetflixClone.xcdatamodeld;
			sourceTree = "<group>";
			versionGroupType = wrapper.xcdatamodel;
		};
/* End XCVersionGroup section */
	};
	rootObject = DF464BAE27FAD79F004310C8 /* Project object */;
}
