PODS:
  - YoutubePlayer-in-WKWebView (0.3.8)

DEPENDENCIES:
  - YoutubePlayer-in-WKWebView

SPEC REPOS:
  trunk:
    - YoutubePlayer-in-WKWebView

SPEC CHECKSUMS:
  YoutubePlayer-in-WKWebView: 4fca3b4f6f09940077bfbae7bddb771f2b43aacd

PODFILE CHECKSUM: e8f14c489b7dd1a5f23667a9cb5302a4761e2bfc

COCOAPODS: 1.11.3
